
Microsoft Visual Studio Solution File, Format Version 12.00
# Visual Studio Version 16
VisualStudioVersion = 16.0.31112.23
MinimumVisualStudioVersion = 10.0.40219.1
Project("{9A19103F-16F7-4668-BE54-9A1E7A4F7556}") = "L01SampleAuth", "L01SampleAuth\L01SampleAuth.csproj", "{58C70CB3-4180-4E9C-9E16-05B93E1FAB95}"
EndProject
Project("{9A19103F-16F7-4668-BE54-9A1E7A4F7556}") = "L01FacebookAuth", "L01FacebookAuth\L01FacebookAuth.csproj", "{78607E57-6899-4F43-BA50-B17ADF3CE173}"
EndProject
Project("{9A19103F-16F7-4668-BE54-9A1E7A4F7556}") = "CommonAttacks", "CommonAttacks\CommonAttacks.csproj", "{6F5D686B-FCCC-4B35-9328-1FB5DA111F66}"
EndProject
Project("{9A19103F-16F7-4668-BE54-9A1E7A4F7556}") = "ProactiveControls", "ProactiveControls\ProactiveControls.csproj", "{F4882D3C-61A5-462D-B2B4-1D8367EDE408}"
EndProject
Project("{9A19103F-16F7-4668-BE54-9A1E7A4F7556}") = "L07Cryptography", "L07Cryptography\L07Cryptography.csproj", "{7D2D2565-E6E6-4A8B-A8AF-86C64FFC5968}"
EndProject
Project("{9A19103F-16F7-4668-BE54-9A1E7A4F7556}") = "AddHTTPS", "AddHTTPS\AddHTTPS.csproj", "{3D1975CE-24B4-4CC8-9538-ABBCE07C6A7B}"
EndProject
Project("{FAE04EC0-301F-11D3-BF4B-00C04F79EFBC}") = "L09Logging", "L09Logging\L09Logging.csproj", "{3E53F8AC-F64F-4F74-81A4-3C3C27013866}"
EndProject
Global
	GlobalSection(SolutionConfigurationPlatforms) = preSolution
		Debug|Any CPU = Debug|Any CPU
		Release|Any CPU = Release|Any CPU
	EndGlobalSection
	GlobalSection(ProjectConfigurationPlatforms) = postSolution
		{58C70CB3-4180-4E9C-9E16-05B93E1FAB95}.Debug|Any CPU.ActiveCfg = Debug|Any CPU
		{58C70CB3-4180-4E9C-9E16-05B93E1FAB95}.Debug|Any CPU.Build.0 = Debug|Any CPU
		{58C70CB3-4180-4E9C-9E16-05B93E1FAB95}.Release|Any CPU.ActiveCfg = Release|Any CPU
		{58C70CB3-4180-4E9C-9E16-05B93E1FAB95}.Release|Any CPU.Build.0 = Release|Any CPU
		{78607E57-6899-4F43-BA50-B17ADF3CE173}.Debug|Any CPU.ActiveCfg = Debug|Any CPU
		{78607E57-6899-4F43-BA50-B17ADF3CE173}.Debug|Any CPU.Build.0 = Debug|Any CPU
		{78607E57-6899-4F43-BA50-B17ADF3CE173}.Release|Any CPU.ActiveCfg = Release|Any CPU
		{78607E57-6899-4F43-BA50-B17ADF3CE173}.Release|Any CPU.Build.0 = Release|Any CPU
		{6F5D686B-FCCC-4B35-9328-1FB5DA111F66}.Debug|Any CPU.ActiveCfg = Debug|Any CPU
		{6F5D686B-FCCC-4B35-9328-1FB5DA111F66}.Debug|Any CPU.Build.0 = Debug|Any CPU
		{6F5D686B-FCCC-4B35-9328-1FB5DA111F66}.Release|Any CPU.ActiveCfg = Release|Any CPU
		{6F5D686B-FCCC-4B35-9328-1FB5DA111F66}.Release|Any CPU.Build.0 = Release|Any CPU
		{F4882D3C-61A5-462D-B2B4-1D8367EDE408}.Debug|Any CPU.ActiveCfg = Debug|Any CPU
		{F4882D3C-61A5-462D-B2B4-1D8367EDE408}.Debug|Any CPU.Build.0 = Debug|Any CPU
		{F4882D3C-61A5-462D-B2B4-1D8367EDE408}.Release|Any CPU.ActiveCfg = Release|Any CPU
		{F4882D3C-61A5-462D-B2B4-1D8367EDE408}.Release|Any CPU.Build.0 = Release|Any CPU
		{7D2D2565-E6E6-4A8B-A8AF-86C64FFC5968}.Debug|Any CPU.ActiveCfg = Debug|Any CPU
		{7D2D2565-E6E6-4A8B-A8AF-86C64FFC5968}.Debug|Any CPU.Build.0 = Debug|Any CPU
		{7D2D2565-E6E6-4A8B-A8AF-86C64FFC5968}.Release|Any CPU.ActiveCfg = Release|Any CPU
		{7D2D2565-E6E6-4A8B-A8AF-86C64FFC5968}.Release|Any CPU.Build.0 = Release|Any CPU
		{3D1975CE-24B4-4CC8-9538-ABBCE07C6A7B}.Debug|Any CPU.ActiveCfg = Debug|Any CPU
		{3D1975CE-24B4-4CC8-9538-ABBCE07C6A7B}.Debug|Any CPU.Build.0 = Debug|Any CPU
		{3D1975CE-24B4-4CC8-9538-ABBCE07C6A7B}.Release|Any CPU.ActiveCfg = Release|Any CPU
		{3D1975CE-24B4-4CC8-9538-ABBCE07C6A7B}.Release|Any CPU.Build.0 = Release|Any CPU
		{3E53F8AC-F64F-4F74-81A4-3C3C27013866}.Debug|Any CPU.ActiveCfg = Debug|Any CPU
		{3E53F8AC-F64F-4F74-81A4-3C3C27013866}.Debug|Any CPU.Build.0 = Debug|Any CPU
		{3E53F8AC-F64F-4F74-81A4-3C3C27013866}.Release|Any CPU.ActiveCfg = Release|Any CPU
		{3E53F8AC-F64F-4F74-81A4-3C3C27013866}.Release|Any CPU.Build.0 = Release|Any CPU
	EndGlobalSection
	GlobalSection(SolutionProperties) = preSolution
		HideSolutionNode = FALSE
	EndGlobalSection
	GlobalSection(ExtensibilityGlobals) = postSolution
		SolutionGuid = {22EF2FA0-2F60-435A-B834-6ACE4A032AE0}
	EndGlobalSection
EndGlobal
